
Microsoft Visual Studio Solution File, Format Version 12.00
# Visual Studio Version 17
VisualStudioVersion = 17.6.33829.357
MinimumVisualStudioVersion = 10.0.40219.1
Project("{9A19103F-16F7-4668-BE54-9A1E7A4F7556}") = "Avalonia.MediaPlugin", "Avalonia.MediaPlugin\Avalonia.MediaPlugin.csproj", "{5F67EF4C-70D0-40A2-9F3E-7580D43B39E4}"
EndProject
Project("{9A19103F-16F7-4668-BE54-9A1E7A4F7556}") = "Avalonia.MediaPlugin.Android", "Avalonia.MediaPlugin.Android\Avalonia.MediaPlugin.Android.csproj", "{47D54644-22C4-455A-ACAC-652B34F63B57}"
EndProject
Project("{9A19103F-16F7-4668-BE54-9A1E7A4F7556}") = "Avalonia.MediaPlugin.iOS", "Avalonia.MediaPlugin.iOS\Avalonia.MediaPlugin.iOS.csproj", "{7FC2F67A-4AF6-476E-A2FC-26F5D0DEFF3A}"
EndProject
Project("{9A19103F-16F7-4668-BE54-9A1E7A4F7556}") = "Avalonia.Permissions", "Avalonia.Plugin.Permissions\Avalonia.Permissions.csproj", "{4ADDACB8-5045-42BA-BD69-03836FC822FF}"
EndProject
Project("{9A19103F-16F7-4668-BE54-9A1E7A4F7556}") = "Avalonia.Permissions.Android", "Avalonia.Permissions.Android\Avalonia.Permissions.Android.csproj", "{A6D97F57-C570-4AF5-8094-F9C5CE3268FD}"
EndProject
Project("{9A19103F-16F7-4668-BE54-9A1E7A4F7556}") = "MediaTest", "MediaTest\MediaTest.csproj", "{AF06DF3E-BB90-4508-B79E-CB3978727927}"
EndProject
Project("{9A19103F-16F7-4668-BE54-9A1E7A4F7556}") = "MediaTest.Android", "MediaTest.Android\MediaTest.Android.csproj", "{C7FE579F-C493-4839-9CE6-3F3F61708496}"
EndProject
Project("{9A19103F-16F7-4668-BE54-9A1E7A4F7556}") = "MediaTest.iOS", "MediaTest.iOS\MediaTest.iOS.csproj", "{EB912109-7495-446D-9ED8-692C5AA08197}"
EndProject
Project("{FAE04EC0-301F-11D3-BF4B-00C04F79EFBC}") = "Avalonia.Permissions.iOS", "Avalonia.Permissions.iOS\Avalonia.Permissions.iOS.csproj", "{373D9541-EA15-492A-B0E9-E5DA5A72EA44}"
EndProject
Global
	GlobalSection(SolutionConfigurationPlatforms) = preSolution
		Debug|Any CPU = Debug|Any CPU
		Release|Any CPU = Release|Any CPU
	EndGlobalSection
	GlobalSection(ProjectConfigurationPlatforms) = postSolution
		{5F67EF4C-70D0-40A2-9F3E-7580D43B39E4}.Debug|Any CPU.ActiveCfg = Debug|Any CPU
		{5F67EF4C-70D0-40A2-9F3E-7580D43B39E4}.Debug|Any CPU.Build.0 = Debug|Any CPU
		{5F67EF4C-70D0-40A2-9F3E-7580D43B39E4}.Release|Any CPU.ActiveCfg = Release|Any CPU
		{5F67EF4C-70D0-40A2-9F3E-7580D43B39E4}.Release|Any CPU.Build.0 = Release|Any CPU
		{47D54644-22C4-455A-ACAC-652B34F63B57}.Debug|Any CPU.ActiveCfg = Debug|Any CPU
		{47D54644-22C4-455A-ACAC-652B34F63B57}.Debug|Any CPU.Build.0 = Debug|Any CPU
		{47D54644-22C4-455A-ACAC-652B34F63B57}.Release|Any CPU.ActiveCfg = Release|Any CPU
		{47D54644-22C4-455A-ACAC-652B34F63B57}.Release|Any CPU.Build.0 = Release|Any CPU
		{7FC2F67A-4AF6-476E-A2FC-26F5D0DEFF3A}.Debug|Any CPU.ActiveCfg = Debug|Any CPU
		{7FC2F67A-4AF6-476E-A2FC-26F5D0DEFF3A}.Debug|Any CPU.Build.0 = Debug|Any CPU
		{7FC2F67A-4AF6-476E-A2FC-26F5D0DEFF3A}.Release|Any CPU.ActiveCfg = Release|Any CPU
		{7FC2F67A-4AF6-476E-A2FC-26F5D0DEFF3A}.Release|Any CPU.Build.0 = Release|Any CPU
		{4ADDACB8-5045-42BA-BD69-03836FC822FF}.Debug|Any CPU.ActiveCfg = Debug|Any CPU
		{4ADDACB8-5045-42BA-BD69-03836FC822FF}.Debug|Any CPU.Build.0 = Debug|Any CPU
		{4ADDACB8-5045-42BA-BD69-03836FC822FF}.Release|Any CPU.ActiveCfg = Release|Any CPU
		{4ADDACB8-5045-42BA-BD69-03836FC822FF}.Release|Any CPU.Build.0 = Release|Any CPU
		{A6D97F57-C570-4AF5-8094-F9C5CE3268FD}.Debug|Any CPU.ActiveCfg = Debug|Any CPU
		{A6D97F57-C570-4AF5-8094-F9C5CE3268FD}.Debug|Any CPU.Build.0 = Debug|Any CPU
		{A6D97F57-C570-4AF5-8094-F9C5CE3268FD}.Release|Any CPU.ActiveCfg = Release|Any CPU
		{A6D97F57-C570-4AF5-8094-F9C5CE3268FD}.Release|Any CPU.Build.0 = Release|Any CPU
		{AF06DF3E-BB90-4508-B79E-CB3978727927}.Debug|Any CPU.ActiveCfg = Debug|Any CPU
		{AF06DF3E-BB90-4508-B79E-CB3978727927}.Debug|Any CPU.Build.0 = Debug|Any CPU
		{AF06DF3E-BB90-4508-B79E-CB3978727927}.Release|Any CPU.ActiveCfg = Release|Any CPU
		{AF06DF3E-BB90-4508-B79E-CB3978727927}.Release|Any CPU.Build.0 = Release|Any CPU
		{C7FE579F-C493-4839-9CE6-3F3F61708496}.Debug|Any CPU.ActiveCfg = Debug|Any CPU
		{C7FE579F-C493-4839-9CE6-3F3F61708496}.Debug|Any CPU.Build.0 = Debug|Any CPU
		{C7FE579F-C493-4839-9CE6-3F3F61708496}.Debug|Any CPU.Deploy.0 = Debug|Any CPU
		{C7FE579F-C493-4839-9CE6-3F3F61708496}.Release|Any CPU.ActiveCfg = Release|Any CPU
		{C7FE579F-C493-4839-9CE6-3F3F61708496}.Release|Any CPU.Build.0 = Release|Any CPU
		{C7FE579F-C493-4839-9CE6-3F3F61708496}.Release|Any CPU.Deploy.0 = Release|Any CPU
		{EB912109-7495-446D-9ED8-692C5AA08197}.Debug|Any CPU.ActiveCfg = Debug|Any CPU
		{EB912109-7495-446D-9ED8-692C5AA08197}.Debug|Any CPU.Build.0 = Debug|Any CPU
		{EB912109-7495-446D-9ED8-692C5AA08197}.Debug|Any CPU.Deploy.0 = Debug|Any CPU
		{EB912109-7495-446D-9ED8-692C5AA08197}.Release|Any CPU.ActiveCfg = Release|Any CPU
		{EB912109-7495-446D-9ED8-692C5AA08197}.Release|Any CPU.Build.0 = Release|Any CPU
		{EB912109-7495-446D-9ED8-692C5AA08197}.Release|Any CPU.Deploy.0 = Release|Any CPU
		{373D9541-EA15-492A-B0E9-E5DA5A72EA44}.Debug|Any CPU.ActiveCfg = Debug|Any CPU
		{373D9541-EA15-492A-B0E9-E5DA5A72EA44}.Debug|Any CPU.Build.0 = Debug|Any CPU
		{373D9541-EA15-492A-B0E9-E5DA5A72EA44}.Release|Any CPU.ActiveCfg = Release|Any CPU
		{373D9541-EA15-492A-B0E9-E5DA5A72EA44}.Release|Any CPU.Build.0 = Release|Any CPU
	EndGlobalSection
	GlobalSection(SolutionProperties) = preSolution
		HideSolutionNode = FALSE
	EndGlobalSection
	GlobalSection(ExtensibilityGlobals) = postSolution
		SolutionGuid = {DD4A21B6-B353-4821-84B0-DAB3D597DC1F}
	EndGlobalSection
EndGlobal
